// !$*UTF8*$!
{
	archiveVersion = 1;
	classes = {
	};
	objectVersion = 48;
	objects = {

/* Begin PBXBuildFile section */
		02052F512064188600F307FA /* AppDelegate.m in Sources */ = {isa = PBXBuildFile; fileRef = 02052F502064188600F307FA /* AppDelegate.m */; };
		02052F572064188600F307FA /* Main.storyboard in Resources */ = {isa = PBXBuildFile; fileRef = 02052F552064188600F307FA /* Main.storyboard */; };
		02052F592064188600F307FA /* Assets.xcassets in Resources */ = {isa = PBXBuildFile; fileRef = 02052F582064188600F307FA /* Assets.xcassets */; };
		02052F5C2064188600F307FA /* LaunchScreen.storyboard in Resources */ = {isa = PBXBuildFile; fileRef = 02052F5A2064188600F307FA /* LaunchScreen.storyboard */; };
		02052F5F2064188600F307FA /* main.m in Sources */ = {isa = PBXBuildFile; fileRef = 02052F5E2064188600F307FA /* main.m */; };
		02052F692064188600F307FA /* ____Tests.m in Sources */ = {isa = PBXBuildFile; fileRef = 02052F682064188600F307FA /* ____Tests.m */; };
		02052F742064188600F307FA /* ____UITests.m in Sources */ = {isa = PBXBuildFile; fileRef = 02052F732064188600F307FA /* ____UITests.m */; };
		0256AFBE2066AA7000BDD7E5 /* MMMilkPowderTableViewController.m in Sources */ = {isa = PBXBuildFile; fileRef = 0256AFBD2066AA7000BDD7E5 /* MMMilkPowderTableViewController.m */; };
		027ABF8F20641C650096A9B6 /* MMNavigationController.m in Sources */ = {isa = PBXBuildFile; fileRef = 027ABF8E20641C650096A9B6 /* MMNavigationController.m */; };
		027ABF9220641C770096A9B6 /* MMTabBarController.m in Sources */ = {isa = PBXBuildFile; fileRef = 027ABF9120641C770096A9B6 /* MMTabBarController.m */; };
		027ABF9520641EF60096A9B6 /* MMHomePageTableViewController.m in Sources */ = {isa = PBXBuildFile; fileRef = 027ABF9420641EF60096A9B6 /* MMHomePageTableViewController.m */; };
		027ABF9820641F380096A9B6 /* MMMamCircleTableViewController.m in Sources */ = {isa = PBXBuildFile; fileRef = 027ABF9720641F380096A9B6 /* MMMamCircleTableViewController.m */; };
		027ABF9B20641F670096A9B6 /* MMFindGoodsViewController.m in Sources */ = {isa = PBXBuildFile; fileRef = 027ABF9A20641F670096A9B6 /* MMFindGoodsViewController.m */; };
		027ABF9E20641F890096A9B6 /* MMMeTableViewController.m in Sources */ = {isa = PBXBuildFile; fileRef = 027ABF9D20641F890096A9B6 /* MMMeTableViewController.m */; };
		027ABFA120641FE10096A9B6 /* MMShoppingBagTableViewController.m in Sources */ = {isa = PBXBuildFile; fileRef = 027ABFA020641FE10096A9B6 /* MMShoppingBagTableViewController.m */; };
		02AE54C32065FE3B00028454 /* MMFindGoodsScrollViewButton.m in Sources */ = {isa = PBXBuildFile; fileRef = 02AE54C22065FE3B00028454 /* MMFindGoodsScrollViewButton.m */; };
		02AE54C8206600A000028454 /* MMGoodsView.m in Sources */ = {isa = PBXBuildFile; fileRef = 02AE54C7206600A000028454 /* MMGoodsView.m */; };
		02AE54CA206603F900028454 /* MMGoodsView.xib in Resources */ = {isa = PBXBuildFile; fileRef = 02AE54C9206603F900028454 /* MMGoodsView.xib */; };
		02BC79F3206428F0008706E6 /* UIImage+ImageOriginal.m in Sources */ = {isa = PBXBuildFile; fileRef = 02BC79F2206428F0008706E6 /* UIImage+ImageOriginal.m */; };
		02CF709D2066B12900AE2C0A /* MMOtherTableViewController.m in Sources */ = {isa = PBXBuildFile; fileRef = 02CF709C2066B12900AE2C0A /* MMOtherTableViewController.m */; };
		02CF70A02066B13500AE2C0A /* MMShareTableViewController.m in Sources */ = {isa = PBXBuildFile; fileRef = 02CF709F2066B13500AE2C0A /* MMShareTableViewController.m */; };
		02CF70A32066B13F00AE2C0A /* MMFoodTableViewController.m in Sources */ = {isa = PBXBuildFile; fileRef = 02CF70A22066B13F00AE2C0A /* MMFoodTableViewController.m */; };
		02CF70A62066B15100AE2C0A /* MMBabySuppliesTableViewController.m in Sources */ = {isa = PBXBuildFile; fileRef = 02CF70A52066B15100AE2C0A /* MMBabySuppliesTableViewController.m */; };
		0E4FA9A82064A384001E5A5E /* UIView+NHFrame.m in Sources */ = {isa = PBXBuildFile; fileRef = 0E4FA9A72064A384001E5A5E /* UIView+NHFrame.m */; };
		0E4FA9AC2064A3A0001E5A5E /* NHTools.m in Sources */ = {isa = PBXBuildFile; fileRef = 0E4FA9AA2064A3A0001E5A5E /* NHTools.m */; };
		0E4FA9B32064AD68001E5A5E /* MMHomePageScrollViewButton.m in Sources */ = {isa = PBXBuildFile; fileRef = 0E4FA9B22064AD68001E5A5E /* MMHomePageScrollViewButton.m */; };
		0E4FA9B52064AD7B001E5A5E /* MMHomePageScrollViewButton.xib in Resources */ = {isa = PBXBuildFile; fileRef = 0E4FA9B42064AD7B001E5A5E /* MMHomePageScrollViewButton.xib */; };
		0E4FA9B82064B096001E5A5E /* MMHomePageScrollViewCategoryButton.m in Sources */ = {isa = PBXBuildFile; fileRef = 0E4FA9B72064B096001E5A5E /* MMHomePageScrollViewCategoryButton.m */; };
		0E84BE6C2064D84400B8D1B6 /* MMFindGoodsViewController.storyboard in Resources */ = {isa = PBXBuildFile; fileRef = 0E84BE6B2064D84400B8D1B6 /* MMFindGoodsViewController.storyboard */; };
		0E84BE742064DF3200B8D1B6 /* MMFindGoodsScrollViewButtonView.m in Sources */ = {isa = PBXBuildFile; fileRef = 0E84BE732064DF3200B8D1B6 /* MMFindGoodsScrollViewButtonView.m */; };
		0E84BE762064DF3D00B8D1B6 /* MMFindGoodsScrollViewButton.xib in Resources */ = {isa = PBXBuildFile; fileRef = 0E84BE752064DF3D00B8D1B6 /* MMFindGoodsScrollViewButton.xib */; };
/* End PBXBuildFile section */

/* Begin PBXContainerItemProxy section */
		02052F652064188600F307FA /* PBXContainerItemProxy */ = {
			isa = PBXContainerItemProxy;
			containerPortal = 02052F442064188600F307FA /* Project object */;
			proxyType = 1;
			remoteGlobalIDString = 02052F4B2064188600F307FA;
			remoteInfo = "国际妈咪";
		};
		02052F702064188600F307FA /* PBXContainerItemProxy */ = {
			isa = PBXContainerItemProxy;
			containerPortal = 02052F442064188600F307FA /* Project object */;
			proxyType = 1;
			remoteGlobalIDString = 02052F4B2064188600F307FA;
			remoteInfo = "国际妈咪";
		};
/* End PBXContainerItemProxy section */

/* Begin PBXFileReference section */
		02052F4C2064188600F307FA /* 国际妈咪.app */ = {isa = PBXFileReference; explicitFileType = wrapper.application; includeInIndex = 0; path = "国际妈咪.app"; sourceTree = BUILT_PRODUCTS_DIR; };
		02052F4F2064188600F307FA /* AppDelegate.h */ = {isa = PBXFileReference; lastKnownFileType = sourcecode.c.h; path = AppDelegate.h; sourceTree = "<group>"; };
		02052F502064188600F307FA /* AppDelegate.m */ = {isa = PBXFileReference; lastKnownFileType = sourcecode.c.objc; path = AppDelegate.m; sourceTree = "<group>"; };
		02052F562064188600F307FA /* Base */ = {isa = PBXFileReference; lastKnownFileType = file.storyboard; name = Base; path = Base.lproj/Main.storyboard; sourceTree = "<group>"; };
		02052F582064188600F307FA /* Assets.xcassets */ = {isa = PBXFileReference; lastKnownFileType = folder.assetcatalog; path = Assets.xcassets; sourceTree = "<group>"; };
		02052F5B2064188600F307FA /* Base */ = {isa = PBXFileReference; lastKnownFileType = file.storyboard; name = Base; path = Base.lproj/LaunchScreen.storyboard; sourceTree = "<group>"; };
		02052F5D2064188600F307FA /* Info.plist */ = {isa = PBXFileReference; lastKnownFileType = text.plist.xml; path = Info.plist; sourceTree = "<group>"; };
		02052F5E2064188600F307FA /* main.m */ = {isa = PBXFileReference; lastKnownFileType = sourcecode.c.objc; path = main.m; sourceTree = "<group>"; };
		02052F642064188600F307FA /* 国际妈咪Tests.xctest */ = {isa = PBXFileReference; explicitFileType = wrapper.cfbundle; includeInIndex = 0; path = "国际妈咪Tests.xctest"; sourceTree = BUILT_PRODUCTS_DIR; };
		02052F682064188600F307FA /* ____Tests.m */ = {isa = PBXFileReference; lastKnownFileType = sourcecode.c.objc; path = "____Tests.m"; sourceTree = "<group>"; };
		02052F6A2064188600F307FA /* Info.plist */ = {isa = PBXFileReference; lastKnownFileType = text.plist.xml; path = Info.plist; sourceTree = "<group>"; };
		02052F6F2064188600F307FA /* 国际妈咪UITests.xctest */ = {isa = PBXFileReference; explicitFileType = wrapper.cfbundle; includeInIndex = 0; path = "国际妈咪UITests.xctest"; sourceTree = BUILT_PRODUCTS_DIR; };
		02052F732064188600F307FA /* ____UITests.m */ = {isa = PBXFileReference; lastKnownFileType = sourcecode.c.objc; path = "____UITests.m"; sourceTree = "<group>"; };
		02052F752064188600F307FA /* Info.plist */ = {isa = PBXFileReference; lastKnownFileType = text.plist.xml; path = Info.plist; sourceTree = "<group>"; };
		0256AFBC2066AA7000BDD7E5 /* MMMilkPowderTableViewController.h */ = {isa = PBXFileReference; lastKnownFileType = sourcecode.c.h; path = MMMilkPowderTableViewController.h; sourceTree = "<group>"; };
		0256AFBD2066AA7000BDD7E5 /* MMMilkPowderTableViewController.m */ = {isa = PBXFileReference; lastKnownFileType = sourcecode.c.objc; path = MMMilkPowderTableViewController.m; sourceTree = "<group>"; };
		027ABF8D20641C650096A9B6 /* MMNavigationController.h */ = {isa = PBXFileReference; lastKnownFileType = sourcecode.c.h; path = MMNavigationController.h; sourceTree = "<group>"; };
		027ABF8E20641C650096A9B6 /* MMNavigationController.m */ = {isa = PBXFileReference; lastKnownFileType = sourcecode.c.objc; path = MMNavigationController.m; sourceTree = "<group>"; };
		027ABF9020641C770096A9B6 /* MMTabBarController.h */ = {isa = PBXFileReference; lastKnownFileType = sourcecode.c.h; path = MMTabBarController.h; sourceTree = "<group>"; };
		027ABF9120641C770096A9B6 /* MMTabBarController.m */ = {isa = PBXFileReference; lastKnownFileType = sourcecode.c.objc; path = MMTabBarController.m; sourceTree = "<group>"; };
		027ABF9320641EF60096A9B6 /* MMHomePageTableViewController.h */ = {isa = PBXFileReference; lastKnownFileType = sourcecode.c.h; path = MMHomePageTableViewController.h; sourceTree = "<group>"; };
		027ABF9420641EF60096A9B6 /* MMHomePageTableViewController.m */ = {isa = PBXFileReference; lastKnownFileType = sourcecode.c.objc; path = MMHomePageTableViewController.m; sourceTree = "<group>"; };
		027ABF9620641F380096A9B6 /* MMMamCircleTableViewController.h */ = {isa = PBXFileReference; lastKnownFileType = sourcecode.c.h; path = MMMamCircleTableViewController.h; sourceTree = "<group>"; };
		027ABF9720641F380096A9B6 /* MMMamCircleTableViewController.m */ = {isa = PBXFileReference; lastKnownFileType = sourcecode.c.objc; path = MMMamCircleTableViewController.m; sourceTree = "<group>"; };
		027ABF9920641F670096A9B6 /* MMFindGoodsViewController.h */ = {isa = PBXFileReference; lastKnownFileType = sourcecode.c.h; path = MMFindGoodsViewController.h; sourceTree = "<group>"; };
		027ABF9A20641F670096A9B6 /* MMFindGoodsViewController.m */ = {isa = PBXFileReference; lastKnownFileType = sourcecode.c.objc; path = MMFindGoodsViewController.m; sourceTree = "<group>"; };
		027ABF9C20641F890096A9B6 /* MMMeTableViewController.h */ = {isa = PBXFileReference; lastKnownFileType = sourcecode.c.h; path = MMMeTableViewController.h; sourceTree = "<group>"; };
		027ABF9D20641F890096A9B6 /* MMMeTableViewController.m */ = {isa = PBXFileReference; lastKnownFileType = sourcecode.c.objc; path = MMMeTableViewController.m; sourceTree = "<group>"; };
		027ABF9F20641FE10096A9B6 /* MMShoppingBagTableViewController.h */ = {isa = PBXFileReference; lastKnownFileType = sourcecode.c.h; path = MMShoppingBagTableViewController.h; sourceTree = "<group>"; };
		027ABFA020641FE10096A9B6 /* MMShoppingBagTableViewController.m */ = {isa = PBXFileReference; lastKnownFileType = sourcecode.c.objc; path = MMShoppingBagTableViewController.m; sourceTree = "<group>"; };
		02AE54C12065FE3B00028454 /* MMFindGoodsScrollViewButton.h */ = {isa = PBXFileReference; lastKnownFileType = sourcecode.c.h; path = MMFindGoodsScrollViewButton.h; sourceTree = "<group>"; };
		02AE54C22065FE3B00028454 /* MMFindGoodsScrollViewButton.m */ = {isa = PBXFileReference; lastKnownFileType = sourcecode.c.objc; path = MMFindGoodsScrollViewButton.m; sourceTree = "<group>"; };
		02AE54C6206600A000028454 /* MMGoodsView.h */ = {isa = PBXFileReference; lastKnownFileType = sourcecode.c.h; path = MMGoodsView.h; sourceTree = "<group>"; };
		02AE54C7206600A000028454 /* MMGoodsView.m */ = {isa = PBXFileReference; lastKnownFileType = sourcecode.c.objc; path = MMGoodsView.m; sourceTree = "<group>"; };
		02AE54C9206603F900028454 /* MMGoodsView.xib */ = {isa = PBXFileReference; lastKnownFileType = file.xib; path = MMGoodsView.xib; sourceTree = "<group>"; };
		02BC79F1206428F0008706E6 /* UIImage+ImageOriginal.h */ = {isa = PBXFileReference; lastKnownFileType = sourcecode.c.h; path = "UIImage+ImageOriginal.h"; sourceTree = "<group>"; };
		02BC79F2206428F0008706E6 /* UIImage+ImageOriginal.m */ = {isa = PBXFileReference; lastKnownFileType = sourcecode.c.objc; path = "UIImage+ImageOriginal.m"; sourceTree = "<group>"; };
		02CF709B2066B12900AE2C0A /* MMOtherTableViewController.h */ = {isa = PBXFileReference; lastKnownFileType = sourcecode.c.h; path = MMOtherTableViewController.h; sourceTree = "<group>"; };
		02CF709C2066B12900AE2C0A /* MMOtherTableViewController.m */ = {isa = PBXFileReference; lastKnownFileType = sourcecode.c.objc; path = MMOtherTableViewController.m; sourceTree = "<group>"; };
		02CF709E2066B13500AE2C0A /* MMShareTableViewController.h */ = {isa = PBXFileReference; lastKnownFileType = sourcecode.c.h; path = MMShareTableViewController.h; sourceTree = "<group>"; };
		02CF709F2066B13500AE2C0A /* MMShareTableViewController.m */ = {isa = PBXFileReference; lastKnownFileType = sourcecode.c.objc; path = MMShareTableViewController.m; sourceTree = "<group>"; };
		02CF70A12066B13F00AE2C0A /* MMFoodTableViewController.h */ = {isa = PBXFileReference; lastKnownFileType = sourcecode.c.h; path = MMFoodTableViewController.h; sourceTree = "<group>"; };
		02CF70A22066B13F00AE2C0A /* MMFoodTableViewController.m */ = {isa = PBXFileReference; lastKnownFileType = sourcecode.c.objc; path = MMFoodTableViewController.m; sourceTree = "<group>"; };
		02CF70A42066B15100AE2C0A /* MMBabySuppliesTableViewController.h */ = {isa = PBXFileReference; lastKnownFileType = sourcecode.c.h; path = MMBabySuppliesTableViewController.h; sourceTree = "<group>"; };
		02CF70A52066B15100AE2C0A /* MMBabySuppliesTableViewController.m */ = {isa = PBXFileReference; lastKnownFileType = sourcecode.c.objc; path = MMBabySuppliesTableViewController.m; sourceTree = "<group>"; };
		0E4FA9A520649EBB001E5A5E /* MMPCH.h */ = {isa = PBXFileReference; lastKnownFileType = sourcecode.c.h; path = MMPCH.h; sourceTree = "<group>"; };
		0E4FA9A62064A384001E5A5E /* UIView+NHFrame.h */ = {isa = PBXFileReference; fileEncoding = 4; lastKnownFileType = sourcecode.c.h; path = "UIView+NHFrame.h"; sourceTree = "<group>"; };
		0E4FA9A72064A384001E5A5E /* UIView+NHFrame.m */ = {isa = PBXFileReference; fileEncoding = 4; lastKnownFileType = sourcecode.c.objc; path = "UIView+NHFrame.m"; sourceTree = "<group>"; };
		0E4FA9AA2064A3A0001E5A5E /* NHTools.m */ = {isa = PBXFileReference; fileEncoding = 4; lastKnownFileType = sourcecode.c.objc; path = NHTools.m; sourceTree = "<group>"; };
		0E4FA9AB2064A3A0001E5A5E /* NHTools.h */ = {isa = PBXFileReference; fileEncoding = 4; lastKnownFileType = sourcecode.c.h; path = NHTools.h; sourceTree = "<group>"; };
		0E4FA9B12064AD68001E5A5E /* MMHomePageScrollViewButton.h */ = {isa = PBXFileReference; lastKnownFileType = sourcecode.c.h; path = MMHomePageScrollViewButton.h; sourceTree = "<group>"; };
		0E4FA9B22064AD68001E5A5E /* MMHomePageScrollViewButton.m */ = {isa = PBXFileReference; lastKnownFileType = sourcecode.c.objc; path = MMHomePageScrollViewButton.m; sourceTree = "<group>"; };
		0E4FA9B42064AD7B001E5A5E /* MMHomePageScrollViewButton.xib */ = {isa = PBXFileReference; lastKnownFileType = file.xib; path = MMHomePageScrollViewButton.xib; sourceTree = "<group>"; };
		0E4FA9B62064B096001E5A5E /* MMHomePageScrollViewCategoryButton.h */ = {isa = PBXFileReference; lastKnownFileType = sourcecode.c.h; path = MMHomePageScrollViewCategoryButton.h; sourceTree = "<group>"; };
		0E4FA9B72064B096001E5A5E /* MMHomePageScrollViewCategoryButton.m */ = {isa = PBXFileReference; lastKnownFileType = sourcecode.c.objc; path = MMHomePageScrollViewCategoryButton.m; sourceTree = "<group>"; };
		0E84BE6B2064D84400B8D1B6 /* MMFindGoodsViewController.storyboard */ = {isa = PBXFileReference; lastKnownFileType = file.storyboard; path = MMFindGoodsViewController.storyboard; sourceTree = "<group>"; };
		0E84BE722064DF3200B8D1B6 /* MMFindGoodsScrollViewButtonView.h */ = {isa = PBXFileReference; lastKnownFileType = sourcecode.c.h; path = MMFindGoodsScrollViewButtonView.h; sourceTree = "<group>"; };
		0E84BE732064DF3200B8D1B6 /* MMFindGoodsScrollViewButtonView.m */ = {isa = PBXFileReference; lastKnownFileType = sourcecode.c.objc; path = MMFindGoodsScrollViewButtonView.m; sourceTree = "<group>"; };
		0E84BE752064DF3D00B8D1B6 /* MMFindGoodsScrollViewButton.xib */ = {isa = PBXFileReference; lastKnownFileType = file.xib; path = MMFindGoodsScrollViewButton.xib; sourceTree = "<group>"; };
/* End PBXFileReference section */

/* Begin PBXFrameworksBuildPhase section */
		02052F492064188600F307FA /* Frameworks */ = {
			isa = PBXFrameworksBuildPhase;
			buildActionMask = 2147483647;
			files = (
			);
			runOnlyForDeploymentPostprocessing = 0;
		};
		02052F612064188600F307FA /* Frameworks */ = {
			isa = PBXFrameworksBuildPhase;
			buildActionMask = 2147483647;
			files = (
			);
			runOnlyForDeploymentPostprocessing = 0;
		};
		02052F6C2064188600F307FA /* Frameworks */ = {
			isa = PBXFrameworksBuildPhase;
			buildActionMask = 2147483647;
			files = (
			);
			runOnlyForDeploymentPostprocessing = 0;
		};
/* End PBXFrameworksBuildPhase section */

/* Begin PBXGroup section */
		02052F432064188600F307FA = {
			isa = PBXGroup;
			children = (
				02052F4E2064188600F307FA /* 国际妈咪 */,
				02052F672064188600F307FA /* 国际妈咪Tests */,
				02052F722064188600F307FA /* 国际妈咪UITests */,
				02052F4D2064188600F307FA /* Products */,
			);
			sourceTree = "<group>";
		};
		02052F4D2064188600F307FA /* Products */ = {
			isa = PBXGroup;
			children = (
				02052F4C2064188600F307FA /* 国际妈咪.app */,
				02052F642064188600F307FA /* 国际妈咪Tests.xctest */,
				02052F6F2064188600F307FA /* 国际妈咪UITests.xctest */,
			);
			name = Products;
			sourceTree = "<group>";
		};
		02052F4E2064188600F307FA /* 国际妈咪 */ = {
			isa = PBXGroup;
			children = (
				027ABF7820641C460096A9B6 /* Class */,
				027ABF7420641C460096A9B6 /* Main */,
				02052F81206418A000F307FA /* Other */,
			);
			path = "国际妈咪";
			sourceTree = "<group>";
		};
		02052F672064188600F307FA /* 国际妈咪Tests */ = {
			isa = PBXGroup;
			children = (
				02052F682064188600F307FA /* ____Tests.m */,
				02052F6A2064188600F307FA /* Info.plist */,
			);
			path = "国际妈咪Tests";
			sourceTree = "<group>";
		};
		02052F722064188600F307FA /* 国际妈咪UITests */ = {
			isa = PBXGroup;
			children = (
				02052F732064188600F307FA /* ____UITests.m */,
				02052F752064188600F307FA /* Info.plist */,
			);
			path = "国际妈咪UITests";
			sourceTree = "<group>";
		};
		02052F81206418A000F307FA /* Other */ = {
			isa = PBXGroup;
			children = (
				0E4FA9A92064A3A0001E5A5E /* NHTools */,
				02BC79F0206428BE008706E6 /* Category */,
				02052F4F2064188600F307FA /* AppDelegate.h */,
				02052F502064188600F307FA /* AppDelegate.m */,
				02052F552064188600F307FA /* Main.storyboard */,
				02052F582064188600F307FA /* Assets.xcassets */,
				02052F5A2064188600F307FA /* LaunchScreen.storyboard */,
				02052F5D2064188600F307FA /* Info.plist */,
				02052F5E2064188600F307FA /* main.m */,
			);
			path = Other;
			sourceTree = "<group>";
		};
		0256AFB72066AA0C00BDD7E5 /* BabySupplies */ = {
			isa = PBXGroup;
			children = (
				02CF70A42066B15100AE2C0A /* MMBabySuppliesTableViewController.h */,
				02CF70A52066B15100AE2C0A /* MMBabySuppliesTableViewController.m */,
			);
			path = BabySupplies;
			sourceTree = "<group>";
		};
		0256AFB82066AA0D00BDD7E5 /* Other */ = {
			isa = PBXGroup;
			children = (
				02CF709B2066B12900AE2C0A /* MMOtherTableViewController.h */,
				02CF709C2066B12900AE2C0A /* MMOtherTableViewController.m */,
			);
			path = Other;
			sourceTree = "<group>";
		};
		0256AFB92066AA0D00BDD7E5 /* Share */ = {
			isa = PBXGroup;
			children = (
				02CF709E2066B13500AE2C0A /* MMShareTableViewController.h */,
				02CF709F2066B13500AE2C0A /* MMShareTableViewController.m */,
			);
			path = Share;
			sourceTree = "<group>";
		};
		0256AFBA2066AA0D00BDD7E5 /* Food */ = {
			isa = PBXGroup;
			children = (
				02CF70A12066B13F00AE2C0A /* MMFoodTableViewController.h */,
				02CF70A22066B13F00AE2C0A /* MMFoodTableViewController.m */,
			);
			path = Food;
			sourceTree = "<group>";
		};
		0256AFBB2066AA0D00BDD7E5 /* MilkPowder */ = {
			isa = PBXGroup;
			children = (
				0256AFBC2066AA7000BDD7E5 /* MMMilkPowderTableViewController.h */,
				0256AFBD2066AA7000BDD7E5 /* MMMilkPowderTableViewController.m */,
			);
			path = MilkPowder;
			sourceTree = "<group>";
		};
		027ABF7420641C460096A9B6 /* Main */ = {
			isa = PBXGroup;
			children = (
				027ABF7520641C460096A9B6 /* Controller */,
				027ABF7620641C460096A9B6 /* Model */,
				027ABF7720641C460096A9B6 /* View */,
			);
			path = Main;
			sourceTree = "<group>";
		};
		027ABF7520641C460096A9B6 /* Controller */ = {
			isa = PBXGroup;
			children = (
				027ABF8D20641C650096A9B6 /* MMNavigationController.h */,
				027ABF8E20641C650096A9B6 /* MMNavigationController.m */,
				027ABF9020641C770096A9B6 /* MMTabBarController.h */,
				027ABF9120641C770096A9B6 /* MMTabBarController.m */,
			);
			path = Controller;
			sourceTree = "<group>";
		};
		027ABF7620641C460096A9B6 /* Model */ = {
			isa = PBXGroup;
			children = (
			);
			path = Model;
			sourceTree = "<group>";
		};
		027ABF7720641C460096A9B6 /* View */ = {
			isa = PBXGroup;
			children = (
			);
			path = View;
			sourceTree = "<group>";
		};
		027ABF7820641C460096A9B6 /* Class */ = {
			isa = PBXGroup;
			children = (
				027ABF7920641C460096A9B6 /* MMShoppingBag */,
				027ABF7D20641C460096A9B6 /* MMMamCircle */,
				027ABF8120641C460096A9B6 /* MMFindGoods */,
				027ABF8520641C460096A9B6 /* MMMe */,
				027ABF8920641C460096A9B6 /* MMHomePage */,
			);
			path = Class;
			sourceTree = "<group>";
		};
		027ABF7920641C460096A9B6 /* MMShoppingBag */ = {
			isa = PBXGroup;
			children = (
				027ABF7A20641C460096A9B6 /* Controller */,
				027ABF7B20641C460096A9B6 /* Model */,
				027ABF7C20641C460096A9B6 /* View */,
			);
			path = MMShoppingBag;
			sourceTree = "<group>";
		};
		027ABF7A20641C460096A9B6 /* Controller */ = {
			isa = PBXGroup;
			children = (
				027ABF9F20641FE10096A9B6 /* MMShoppingBagTableViewController.h */,
				027ABFA020641FE10096A9B6 /* MMShoppingBagTableViewController.m */,
			);
			path = Controller;
			sourceTree = "<group>";
		};
		027ABF7B20641C460096A9B6 /* Model */ = {
			isa = PBXGroup;
			children = (
			);
			path = Model;
			sourceTree = "<group>";
		};
		027ABF7C20641C460096A9B6 /* View */ = {
			isa = PBXGroup;
			children = (
			);
			path = View;
			sourceTree = "<group>";
		};
		027ABF7D20641C460096A9B6 /* MMMamCircle */ = {
			isa = PBXGroup;
			children = (
				027ABF7E20641C460096A9B6 /* Controller */,
				027ABF7F20641C460096A9B6 /* Model */,
				027ABF8020641C460096A9B6 /* View */,
			);
			path = MMMamCircle;
			sourceTree = "<group>";
		};
		027ABF7E20641C460096A9B6 /* Controller */ = {
			isa = PBXGroup;
			children = (
				027ABF9620641F380096A9B6 /* MMMamCircleTableViewController.h */,
				027ABF9720641F380096A9B6 /* MMMamCircleTableViewController.m */,
				0256AFB72066AA0C00BDD7E5 /* BabySupplies */,
				0256AFBA2066AA0D00BDD7E5 /* Food */,
				0256AFBB2066AA0D00BDD7E5 /* MilkPowder */,
				0256AFB82066AA0D00BDD7E5 /* Other */,
				0256AFB92066AA0D00BDD7E5 /* Share */,
			);
			path = Controller;
			sourceTree = "<group>";
		};
		027ABF7F20641C460096A9B6 /* Model */ = {
			isa = PBXGroup;
			children = (
			);
			path = Model;
			sourceTree = "<group>";
		};
		027ABF8020641C460096A9B6 /* View */ = {
			isa = PBXGroup;
			children = (
			);
			path = View;
			sourceTree = "<group>";
		};
		027ABF8120641C460096A9B6 /* MMFindGoods */ = {
			isa = PBXGroup;
			children = (
				027ABF8220641C460096A9B6 /* Controller */,
				0E84BE692064D75200B8D1B6 /* Model */,
				0E84BE6A2064D75300B8D1B6 /* View */,
			);
			path = MMFindGoods;
			sourceTree = "<group>";
		};
		027ABF8220641C460096A9B6 /* Controller */ = {
			isa = PBXGroup;
			children = (
				027ABF9920641F670096A9B6 /* MMFindGoodsViewController.h */,
				027ABF9A20641F670096A9B6 /* MMFindGoodsViewController.m */,
				0E84BE6B2064D84400B8D1B6 /* MMFindGoodsViewController.storyboard */,
			);
			path = Controller;
			sourceTree = "<group>";
		};
		027ABF8520641C460096A9B6 /* MMMe */ = {
			isa = PBXGroup;
			children = (
				027ABF8620641C460096A9B6 /* Controller */,
				027ABF8720641C460096A9B6 /* Model */,
				027ABF8820641C460096A9B6 /* View */,
			);
			path = MMMe;
			sourceTree = "<group>";
		};
		027ABF8620641C460096A9B6 /* Controller */ = {
			isa = PBXGroup;
			children = (
				027ABF9C20641F890096A9B6 /* MMMeTableViewController.h */,
				027ABF9D20641F890096A9B6 /* MMMeTableViewController.m */,
			);
			path = Controller;
			sourceTree = "<group>";
		};
		027ABF8720641C460096A9B6 /* Model */ = {
			isa = PBXGroup;
			children = (
			);
			path = Model;
			sourceTree = "<group>";
		};
		027ABF8820641C460096A9B6 /* View */ = {
			isa = PBXGroup;
			children = (
			);
			path = View;
			sourceTree = "<group>";
		};
		027ABF8920641C460096A9B6 /* MMHomePage */ = {
			isa = PBXGroup;
			children = (
				0E4FA9AF2064ACA7001E5A5E /* Model */,
				0E4FA9B02064ACA7001E5A5E /* View */,
				027ABF8A20641C460096A9B6 /* Controller */,
			);
			path = MMHomePage;
			sourceTree = "<group>";
		};
		027ABF8A20641C460096A9B6 /* Controller */ = {
			isa = PBXGroup;
			children = (
				027ABF9320641EF60096A9B6 /* MMHomePageTableViewController.h */,
				027ABF9420641EF60096A9B6 /* MMHomePageTableViewController.m */,
			);
			path = Controller;
			sourceTree = "<group>";
		};
		02AE54C42066004C00028454 /* ScrollButton */ = {
			isa = PBXGroup;
			children = (
				0E84BE722064DF3200B8D1B6 /* MMFindGoodsScrollViewButtonView.h */,
				0E84BE732064DF3200B8D1B6 /* MMFindGoodsScrollViewButtonView.m */,
				0E84BE752064DF3D00B8D1B6 /* MMFindGoodsScrollViewButton.xib */,
				02AE54C12065FE3B00028454 /* MMFindGoodsScrollViewButton.h */,
				02AE54C22065FE3B00028454 /* MMFindGoodsScrollViewButton.m */,
			);
			path = ScrollButton;
			sourceTree = "<group>";
		};
		02AE54C52066007E00028454 /* GoodsView */ = {
			isa = PBXGroup;
			children = (
				02AE54C6206600A000028454 /* MMGoodsView.h */,
				02AE54C7206600A000028454 /* MMGoodsView.m */,
				02AE54C9206603F900028454 /* MMGoodsView.xib */,
			);
			path = GoodsView;
			sourceTree = "<group>";
		};
		02BC79F0206428BE008706E6 /* Category */ = {
			isa = PBXGroup;
			children = (
				0E4FA9A62064A384001E5A5E /* UIView+NHFrame.h */,
				0E4FA9A72064A384001E5A5E /* UIView+NHFrame.m */,
				02BC79F1206428F0008706E6 /* UIImage+ImageOriginal.h */,
				02BC79F2206428F0008706E6 /* UIImage+ImageOriginal.m */,
				0E4FA9A520649EBB001E5A5E /* MMPCH.h */,
			);
			path = Category;
			sourceTree = "<group>";
		};
		0E4FA9A92064A3A0001E5A5E /* NHTools */ = {
			isa = PBXGroup;
			children = (
				0E4FA9AA2064A3A0001E5A5E /* NHTools.m */,
				0E4FA9AB2064A3A0001E5A5E /* NHTools.h */,
			);
			path = NHTools;
			sourceTree = "<group>";
		};
		0E4FA9AF2064ACA7001E5A5E /* Model */ = {
			isa = PBXGroup;
			children = (
			);
			path = Model;
			sourceTree = "<group>";
		};
		0E4FA9B02064ACA7001E5A5E /* View */ = {
			isa = PBXGroup;
			children = (
				0E4FA9B12064AD68001E5A5E /* MMHomePageScrollViewButton.h */,
				0E4FA9B22064AD68001E5A5E /* MMHomePageScrollViewButton.m */,
				0E4FA9B42064AD7B001E5A5E /* MMHomePageScrollViewButton.xib */,
				0E4FA9B62064B096001E5A5E /* MMHomePageScrollViewCategoryButton.h */,
				0E4FA9B72064B096001E5A5E /* MMHomePageScrollViewCategoryButton.m */,
			);
			path = View;
			sourceTree = "<group>";
		};
		0E84BE692064D75200B8D1B6 /* Model */ = {
			isa = PBXGroup;
			children = (
			);
			path = Model;
			sourceTree = "<group>";
		};
		0E84BE6A2064D75300B8D1B6 /* View */ = {
			isa = PBXGroup;
			children = (
				02AE54C52066007E00028454 /* GoodsView */,
				02AE54C42066004C00028454 /* ScrollButton */,
			);
			path = View;
			sourceTree = "<group>";
		};
/* End PBXGroup section */

/* Begin PBXNativeTarget section */
		02052F4B2064188600F307FA /* 国际妈咪 */ = {
			isa = PBXNativeTarget;
			buildConfigurationList = 02052F782064188600F307FA /* Build configuration list for PBXNativeTarget "国际妈咪" */;
			buildPhases = (
				02052F482064188600F307FA /* Sources */,
				02052F492064188600F307FA /* Frameworks */,
				02052F4A2064188600F307FA /* Resources */,
			);
			buildRules = (
			);
			dependencies = (
			);
			name = "国际妈咪";
			productName = "国际妈咪";
			productReference = 02052F4C2064188600F307FA /* 国际妈咪.app */;
			productType = "com.apple.product-type.application";
		};
		02052F632064188600F307FA /* 国际妈咪Tests */ = {
			isa = PBXNativeTarget;
			buildConfigurationList = 02052F7B2064188600F307FA /* Build configuration list for PBXNativeTarget "国际妈咪Tests" */;
			buildPhases = (
				02052F602064188600F307FA /* Sources */,
				02052F612064188600F307FA /* Frameworks */,
				02052F622064188600F307FA /* Resources */,
			);
			buildRules = (
			);
			dependencies = (
				02052F662064188600F307FA /* PBXTargetDependency */,
			);
			name = "国际妈咪Tests";
			productName = "国际妈咪Tests";
			productReference = 02052F642064188600F307FA /* 国际妈咪Tests.xctest */;
			productType = "com.apple.product-type.bundle.unit-test";
		};
		02052F6E2064188600F307FA /* 国际妈咪UITests */ = {
			isa = PBXNativeTarget;
			buildConfigurationList = 02052F7E2064188600F307FA /* Build configuration list for PBXNativeTarget "国际妈咪UITests" */;
			buildPhases = (
				02052F6B2064188600F307FA /* Sources */,
				02052F6C2064188600F307FA /* Frameworks */,
				02052F6D2064188600F307FA /* Resources */,
			);
			buildRules = (
			);
			dependencies = (
				02052F712064188600F307FA /* PBXTargetDependency */,
			);
			name = "国际妈咪UITests";
			productName = "国际妈咪UITests";
			productReference = 02052F6F2064188600F307FA /* 国际妈咪UITests.xctest */;
			productType = "com.apple.product-type.bundle.ui-testing";
		};
/* End PBXNativeTarget section */

/* Begin PBXProject section */
		02052F442064188600F307FA /* Project object */ = {
			isa = PBXProject;
			attributes = {
				CLASSPREFIX = MM;
				LastUpgradeCheck = 0920;
				ORGANIZATIONNAME = "Jerry Huang";
				TargetAttributes = {
					02052F4B2064188600F307FA = {
						CreatedOnToolsVersion = 9.2;
						ProvisioningStyle = Automatic;
					};
					02052F632064188600F307FA = {
						CreatedOnToolsVersion = 9.2;
						ProvisioningStyle = Automatic;
						TestTargetID = 02052F4B2064188600F307FA;
					};
					02052F6E2064188600F307FA = {
						CreatedOnToolsVersion = 9.2;
						ProvisioningStyle = Automatic;
						TestTargetID = 02052F4B2064188600F307FA;
					};
				};
			};
			buildConfigurationList = 02052F472064188600F307FA /* Build configuration list for PBXProject "国际妈咪" */;
			compatibilityVersion = "Xcode 8.0";
			developmentRegion = en;
			hasScannedForEncodings = 0;
			knownRegions = (
				en,
				Base,
			);
			mainGroup = 02052F432064188600F307FA;
			productRefGroup = 02052F4D2064188600F307FA /* Products */;
			projectDirPath = "";
			projectRoot = "";
			targets = (
				02052F4B2064188600F307FA /* 国际妈咪 */,
				02052F632064188600F307FA /* 国际妈咪Tests */,
				02052F6E2064188600F307FA /* 国际妈咪UITests */,
			);
		};
/* End PBXProject section */

/* Begin PBXResourcesBuildPhase section */
		02052F4A2064188600F307FA /* Resources */ = {
			isa = PBXResourcesBuildPhase;
			buildActionMask = 2147483647;
			files = (
				0E84BE762064DF3D00B8D1B6 /* MMFindGoodsScrollViewButton.xib in Resources */,
				02052F5C2064188600F307FA /* LaunchScreen.storyboard in Resources */,
				0E4FA9B52064AD7B001E5A5E /* MMHomePageScrollViewButton.xib in Resources */,
				02052F592064188600F307FA /* Assets.xcassets in Resources */,
				02AE54CA206603F900028454 /* MMGoodsView.xib in Resources */,
				02052F572064188600F307FA /* Main.storyboard in Resources */,
				0E84BE6C2064D84400B8D1B6 /* MMFindGoodsViewController.storyboard in Resources */,
			);
			runOnlyForDeploymentPostprocessing = 0;
		};
		02052F622064188600F307FA /* Resources */ = {
			isa = PBXResourcesBuildPhase;
			buildActionMask = 2147483647;
			files = (
			);
			runOnlyForDeploymentPostprocessing = 0;
		};
		02052F6D2064188600F307FA /* Resources */ = {
			isa = PBXResourcesBuildPhase;
			buildActionMask = 2147483647;
			files = (
			);
			runOnlyForDeploymentPostprocessing = 0;
		};
/* End PBXResourcesBuildPhase section */

/* Begin PBXSourcesBuildPhase section */
		02052F482064188600F307FA /* Sources */ = {
			isa = PBXSourcesBuildPhase;
			buildActionMask = 2147483647;
			files = (
				02AE54C8206600A000028454 /* MMGoodsView.m in Sources */,
				0E4FA9B32064AD68001E5A5E /* MMHomePageScrollViewButton.m in Sources */,
				027ABF9820641F380096A9B6 /* MMMamCircleTableViewController.m in Sources */,
				027ABF8F20641C650096A9B6 /* MMNavigationController.m in Sources */,
				027ABF9220641C770096A9B6 /* MMTabBarController.m in Sources */,
				027ABFA120641FE10096A9B6 /* MMShoppingBagTableViewController.m in Sources */,
				02CF70A62066B15100AE2C0A /* MMBabySuppliesTableViewController.m in Sources */,
				02AE54C32065FE3B00028454 /* MMFindGoodsScrollViewButton.m in Sources */,
				0E4FA9A82064A384001E5A5E /* UIView+NHFrame.m in Sources */,
				02CF709D2066B12900AE2C0A /* MMOtherTableViewController.m in Sources */,
				0E84BE742064DF3200B8D1B6 /* MMFindGoodsScrollViewButtonView.m in Sources */,
				02052F5F2064188600F307FA /* main.m in Sources */,
				027ABF9B20641F670096A9B6 /* MMFindGoodsViewController.m in Sources */,
				02052F512064188600F307FA /* AppDelegate.m in Sources */,
				027ABF9520641EF60096A9B6 /* MMHomePageTableViewController.m in Sources */,
				02BC79F3206428F0008706E6 /* UIImage+ImageOriginal.m in Sources */,
				027ABF9E20641F890096A9B6 /* MMMeTableViewController.m in Sources */,
				0256AFBE2066AA7000BDD7E5 /* MMMilkPowderTableViewController.m in Sources */,
				0E4FA9AC2064A3A0001E5A5E /* NHTools.m in Sources */,
				0E4FA9B82064B096001E5A5E /* MMHomePageScrollViewCategoryButton.m in Sources */,
				02CF70A02066B13500AE2C0A /* MMShareTableViewController.m in Sources */,
				02CF70A32066B13F00AE2C0A /* MMFoodTableViewController.m in Sources */,
			);
			runOnlyForDeploymentPostprocessing = 0;
		};
		02052F602064188600F307FA /* Sources */ = {
			isa = PBXSourcesBuildPhase;
			buildActionMask = 2147483647;
			files = (
				02052F692064188600F307FA /* ____Tests.m in Sources */,
			);
			runOnlyForDeploymentPostprocessing = 0;
		};
		02052F6B2064188600F307FA /* Sources */ = {
			isa = PBXSourcesBuildPhase;
			buildActionMask = 2147483647;
			files = (
				02052F742064188600F307FA /* ____UITests.m in Sources */,
			);
			runOnlyForDeploymentPostprocessing = 0;
		};
/* End PBXSourcesBuildPhase section */

/* Begin PBXTargetDependency section */
		02052F662064188600F307FA /* PBXTargetDependency */ = {
			isa = PBXTargetDependency;
			target = 02052F4B2064188600F307FA /* 国际妈咪 */;
			targetProxy = 02052F652064188600F307FA /* PBXContainerItemProxy */;
		};
		02052F712064188600F307FA /* PBXTargetDependency */ = {
			isa = PBXTargetDependency;
			target = 02052F4B2064188600F307FA /* 国际妈咪 */;
			targetProxy = 02052F702064188600F307FA /* PBXContainerItemProxy */;
		};
/* End PBXTargetDependency section */

/* Begin PBXVariantGroup section */
		02052F552064188600F307FA /* Main.storyboard */ = {
			isa = PBXVariantGroup;
			children = (
				02052F562064188600F307FA /* Base */,
			);
			name = Main.storyboard;
			sourceTree = "<group>";
		};
		02052F5A2064188600F307FA /* LaunchScreen.storyboard */ = {
			isa = PBXVariantGroup;
			children = (
				02052F5B2064188600F307FA /* Base */,
			);
			name = LaunchScreen.storyboard;
			sourceTree = "<group>";
		};
/* End PBXVariantGroup section */

/* Begin XCBuildConfiguration section */
		02052F762064188600F307FA /* Debug */ = {
			isa = XCBuildConfiguration;
			buildSettings = {
				ALWAYS_SEARCH_USER_PATHS = NO;
				CLANG_ANALYZER_NONNULL = YES;
				CLANG_ANALYZER_NUMBER_OBJECT_CONVERSION = YES_AGGRESSIVE;
				CLANG_CXX_LANGUAGE_STANDARD = "gnu++14";
				CLANG_CXX_LIBRARY = "libc++";
				CLANG_ENABLE_MODULES = YES;
				CLANG_ENABLE_OBJC_ARC = YES;
				CLANG_WARN_BLOCK_CAPTURE_AUTORELEASING = YES;
				CLANG_WARN_BOOL_CONVERSION = YES;
				CLANG_WARN_COMMA = YES;
				CLANG_WARN_CONSTANT_CONVERSION = YES;
				CLANG_WARN_DIRECT_OBJC_ISA_USAGE = YES_ERROR;
				CLANG_WARN_DOCUMENTATION_COMMENTS = YES;
				CLANG_WARN_EMPTY_BODY = YES;
				CLANG_WARN_ENUM_CONVERSION = YES;
				CLANG_WARN_INFINITE_RECURSION = YES;
				CLANG_WARN_INT_CONVERSION = YES;
				CLANG_WARN_NON_LITERAL_NULL_CONVERSION = YES;
				CLANG_WARN_OBJC_LITERAL_CONVERSION = YES;
				CLANG_WARN_OBJC_ROOT_CLASS = YES_ERROR;
				CLANG_WARN_RANGE_LOOP_ANALYSIS = YES;
				CLANG_WARN_STRICT_PROTOTYPES = YES;
				CLANG_WARN_SUSPICIOUS_MOVE = YES;
				CLANG_WARN_UNGUARDED_AVAILABILITY = YES_AGGRESSIVE;
				CLANG_WARN_UNREACHABLE_CODE = YES;
				CLANG_WARN__DUPLICATE_METHOD_MATCH = YES;
				CODE_SIGN_IDENTITY = "iPhone Developer";
				COPY_PHASE_STRIP = NO;
				DEBUG_INFORMATION_FORMAT = dwarf;
				ENABLE_STRICT_OBJC_MSGSEND = YES;
				ENABLE_TESTABILITY = YES;
				GCC_C_LANGUAGE_STANDARD = gnu11;
				GCC_DYNAMIC_NO_PIC = NO;
				GCC_NO_COMMON_BLOCKS = YES;
				GCC_OPTIMIZATION_LEVEL = 0;
				GCC_PREPROCESSOR_DEFINITIONS = (
					"DEBUG=1",
					"$(inherited)",
				);
				GCC_WARN_64_TO_32_BIT_CONVERSION = YES;
				GCC_WARN_ABOUT_RETURN_TYPE = YES_ERROR;
				GCC_WARN_UNDECLARED_SELECTOR = YES;
				GCC_WARN_UNINITIALIZED_AUTOS = YES_AGGRESSIVE;
				GCC_WARN_UNUSED_FUNCTION = YES;
				GCC_WARN_UNUSED_VARIABLE = YES;
				IPHONEOS_DEPLOYMENT_TARGET = 11.2;
				MTL_ENABLE_DEBUG_INFO = YES;
				ONLY_ACTIVE_ARCH = YES;
				SDKROOT = iphoneos;
			};
			name = Debug;
		};
		02052F772064188600F307FA /* Release */ = {
			isa = XCBuildConfiguration;
			buildSettings = {
				ALWAYS_SEARCH_USER_PATHS = NO;
				CLANG_ANALYZER_NONNULL = YES;
				CLANG_ANALYZER_NUMBER_OBJECT_CONVERSION = YES_AGGRESSIVE;
				CLANG_CXX_LANGUAGE_STANDARD = "gnu++14";
				CLANG_CXX_LIBRARY = "libc++";
				CLANG_ENABLE_MODULES = YES;
				CLANG_ENABLE_OBJC_ARC = YES;
				CLANG_WARN_BLOCK_CAPTURE_AUTORELEASING = YES;
				CLANG_WARN_BOOL_CONVERSION = YES;
				CLANG_WARN_COMMA = YES;
				CLANG_WARN_CONSTANT_CONVERSION = YES;
				CLANG_WARN_DIRECT_OBJC_ISA_USAGE = YES_ERROR;
				CLANG_WARN_DOCUMENTATION_COMMENTS = YES;
				CLANG_WARN_EMPTY_BODY = YES;
				CLANG_WARN_ENUM_CONVERSION = YES;
				CLANG_WARN_INFINITE_RECURSION = YES;
				CLANG_WARN_INT_CONVERSION = YES;
				CLANG_WARN_NON_LITERAL_NULL_CONVERSION = YES;
				CLANG_WARN_OBJC_LITERAL_CONVERSION = YES;
				CLANG_WARN_OBJC_ROOT_CLASS = YES_ERROR;
				CLANG_WARN_RANGE_LOOP_ANALYSIS = YES;
				CLANG_WARN_STRICT_PROTOTYPES = YES;
				CLANG_WARN_SUSPICIOUS_MOVE = YES;
				CLANG_WARN_UNGUARDED_AVAILABILITY = YES_AGGRESSIVE;
				CLANG_WARN_UNREACHABLE_CODE = YES;
				CLANG_WARN__DUPLICATE_METHOD_MATCH = YES;
				CODE_SIGN_IDENTITY = "iPhone Developer";
				COPY_PHASE_STRIP = NO;
				DEBUG_INFORMATION_FORMAT = "dwarf-with-dsym";
				ENABLE_NS_ASSERTIONS = NO;
				ENABLE_STRICT_OBJC_MSGSEND = YES;
				GCC_C_LANGUAGE_STANDARD = gnu11;
				GCC_NO_COMMON_BLOCKS = YES;
				GCC_WARN_64_TO_32_BIT_CONVERSION = YES;
				GCC_WARN_ABOUT_RETURN_TYPE = YES_ERROR;
				GCC_WARN_UNDECLARED_SELECTOR = YES;
				GCC_WARN_UNINITIALIZED_AUTOS = YES_AGGRESSIVE;
				GCC_WARN_UNUSED_FUNCTION = YES;
				GCC_WARN_UNUSED_VARIABLE = YES;
				IPHONEOS_DEPLOYMENT_TARGET = 11.2;
				MTL_ENABLE_DEBUG_INFO = NO;
				SDKROOT = iphoneos;
				VALIDATE_PRODUCT = YES;
			};
			name = Release;
		};
		02052F792064188600F307FA /* Debug */ = {
			isa = XCBuildConfiguration;
			buildSettings = {
				ASSETCATALOG_COMPILER_APPICON_NAME = AppIcon;
				CODE_SIGN_STYLE = Automatic;
				DEVELOPMENT_TEAM = SA5WY6LT22;
				GCC_PRECOMPILE_PREFIX_HEADER = YES;
				GCC_PREFIX_HEADER = "国际妈咪/Other/Category/MMPCH.h";
				INFOPLIST_FILE = "/Users/jerryhuang/Documents/MMINT/国际妈咪/Other/Info.plist";
				LD_RUNPATH_SEARCH_PATHS = "$(inherited) @executable_path/Frameworks";
				PRODUCT_BUNDLE_IDENTIFIER = "Howeix.----";
				PRODUCT_NAME = "$(TARGET_NAME)";
				TARGETED_DEVICE_FAMILY = "1,2";
			};
			name = Debug;
		};
		02052F7A2064188600F307FA /* Release */ = {
			isa = XCBuildConfiguration;
			buildSettings = {
				ASSETCATALOG_COMPILER_APPICON_NAME = AppIcon;
				CODE_SIGN_STYLE = Automatic;
				DEVELOPMENT_TEAM = SA5WY6LT22;
				GCC_PRECOMPILE_PREFIX_HEADER = YES;
				GCC_PREFIX_HEADER = "国际妈咪/Other/Category/MMPCH.h";
				INFOPLIST_FILE = "/Users/jerryhuang/Documents/MMINT/国际妈咪/Other/Info.plist";
				LD_RUNPATH_SEARCH_PATHS = "$(inherited) @executable_path/Frameworks";
				PRODUCT_BUNDLE_IDENTIFIER = "Howeix.----";
				PRODUCT_NAME = "$(TARGET_NAME)";
				TARGETED_DEVICE_FAMILY = "1,2";
			};
			name = Release;
		};
		02052F7C2064188600F307FA /* Debug */ = {
			isa = XCBuildConfiguration;
			buildSettings = {
				BUNDLE_LOADER = "$(TEST_HOST)";
				CODE_SIGN_STYLE = Automatic;
				DEVELOPMENT_TEAM = SA5WY6LT22;
				INFOPLIST_FILE = "/Users/jerryhuang/Documents/MMINT/国际妈咪/Other/Info.plist";
				LD_RUNPATH_SEARCH_PATHS = "$(inherited) @executable_path/Frameworks @loader_path/Frameworks";
				PRODUCT_BUNDLE_IDENTIFIER = "Howeix.----Tests";
				PRODUCT_NAME = "$(TARGET_NAME)";
				TARGETED_DEVICE_FAMILY = "1,2";
				TEST_HOST = "$(BUILT_PRODUCTS_DIR)/国际妈咪.app/国际妈咪";
			};
			name = Debug;
		};
		02052F7D2064188600F307FA /* Release */ = {
			isa = XCBuildConfiguration;
			buildSettings = {
				BUNDLE_LOADER = "$(TEST_HOST)";
				CODE_SIGN_STYLE = Automatic;
				DEVELOPMENT_TEAM = SA5WY6LT22;
				INFOPLIST_FILE = "/Users/jerryhuang/Documents/MMINT/国际妈咪/Other/Info.plist";
				LD_RUNPATH_SEARCH_PATHS = "$(inherited) @executable_path/Frameworks @loader_path/Frameworks";
				PRODUCT_BUNDLE_IDENTIFIER = "Howeix.----Tests";
				PRODUCT_NAME = "$(TARGET_NAME)";
				TARGETED_DEVICE_FAMILY = "1,2";
				TEST_HOST = "$(BUILT_PRODUCTS_DIR)/国际妈咪.app/国际妈咪";
			};
			name = Release;
		};
		02052F7F2064188600F307FA /* Debug */ = {
			isa = XCBuildConfiguration;
			buildSettings = {
				CODE_SIGN_STYLE = Automatic;
				DEVELOPMENT_TEAM = SA5WY6LT22;
				INFOPLIST_FILE = "国际妈咪UITests/Info.plist";
				LD_RUNPATH_SEARCH_PATHS = "$(inherited) @executable_path/Frameworks @loader_path/Frameworks";
				PRODUCT_BUNDLE_IDENTIFIER = "Howeix.----UITests";
				PRODUCT_NAME = "$(TARGET_NAME)";
				TARGETED_DEVICE_FAMILY = "1,2";
				TEST_TARGET_NAME = "国际妈咪";
			};
			name = Debug;
		};
		02052F802064188600F307FA /* Release */ = {
			isa = XCBuildConfiguration;
			buildSettings = {
				CODE_SIGN_STYLE = Automatic;
				DEVELOPMENT_TEAM = SA5WY6LT22;
				INFOPLIST_FILE = "国际妈咪UITests/Info.plist";
				LD_RUNPATH_SEARCH_PATHS = "$(inherited) @executable_path/Frameworks @loader_path/Frameworks";
				PRODUCT_BUNDLE_IDENTIFIER = "Howeix.----UITests";
				PRODUCT_NAME = "$(TARGET_NAME)";
				TARGETED_DEVICE_FAMILY = "1,2";
				TEST_TARGET_NAME = "国际妈咪";
			};
			name = Release;
		};
/* End XCBuildConfiguration section */

/* Begin XCConfigurationList section */
		02052F472064188600F307FA /* Build configuration list for PBXProject "国际妈咪" */ = {
			isa = XCConfigurationList;
			buildConfigurations = (
				02052F762064188600F307FA /* Debug */,
				02052F772064188600F307FA /* Release */,
			);
			defaultConfigurationIsVisible = 0;
			defaultConfigurationName = Release;
		};
		02052F782064188600F307FA /* Build configuration list for PBXNativeTarget "国际妈咪" */ = {
			isa = XCConfigurationList;
			buildConfigurations = (
				02052F792064188600F307FA /* Debug */,
				02052F7A2064188600F307FA /* Release */,
			);
			defaultConfigurationIsVisible = 0;
			defaultConfigurationName = Release;
		};
		02052F7B2064188600F307FA /* Build configuration list for PBXNativeTarget "国际妈咪Tests" */ = {
			isa = XCConfigurationList;
			buildConfigurations = (
				02052F7C2064188600F307FA /* Debug */,
				02052F7D2064188600F307FA /* Release */,
			);
			defaultConfigurationIsVisible = 0;
			defaultConfigurationName = Release;
		};
		02052F7E2064188600F307FA /* Build configuration list for PBXNativeTarget "国际妈咪UITests" */ = {
			isa = XCConfigurationList;
			buildConfigurations = (
				02052F7F2064188600F307FA /* Debug */,
				02052F802064188600F307FA /* Release */,
			);
			defaultConfigurationIsVisible = 0;
			defaultConfigurationName = Release;
		};
/* End XCConfigurationList section */
	};
	rootObject = 02052F442064188600F307FA /* Project object */;
}
